
Microsoft Visual Studio Solution File, Format Version 12.00
# Visual Studio Version 16
VisualStudioVersion = 16.0.31702.278
MinimumVisualStudioVersion = 10.0.40219.1
Project("{FAE04EC0-301F-11D3-BF4B-00C04F79EFBC}") = "Lab7HeapSort", "Lab7HeapSort.csproj", "{AD4D4D7D-EAFF-4E8D-B41E-1FDF5AF81BAD}"
EndProject
Global
	GlobalSection(SolutionConfigurationPlatforms) = preSolution
		Debug|Any CPU = Debug|Any CPU
		Release|Any CPU = Release|Any CPU
	EndGlobalSection
	GlobalSection(ProjectConfigurationPlatforms) = postSolution
		{AD4D4D7D-EAFF-4E8D-B41E-1FDF5AF81BAD}.Debug|Any CPU.ActiveCfg = Debug|Any CPU
		{AD4D4D7D-EAFF-4E8D-B41E-1FDF5AF81BAD}.Debug|Any CPU.Build.0 = Debug|Any CPU
		{AD4D4D7D-EAFF-4E8D-B41E-1FDF5AF81BAD}.Release|Any CPU.ActiveCfg = Release|Any CPU
		{AD4D4D7D-EAFF-4E8D-B41E-1FDF5AF81BAD}.Release|Any CPU.Build.0 = Release|Any CPU
	EndGlobalSection
	GlobalSection(SolutionProperties) = preSolution
		HideSolutionNode = FALSE
	EndGlobalSection
	GlobalSection(ExtensibilityGlobals) = postSolution
		SolutionGuid = {FC23B3BE-8FA2-49DA-A3E4-22A20312F104}
	EndGlobalSection
EndGlobal
